
Microsoft Visual Studio Solution File, Format Version 12.00
# Visual Studio Version 17
VisualStudioVersion = 17.14.36705.20 d17.14
MinimumVisualStudioVersion = 10.0.40219.1
Project("{FAE04EC0-301F-11D3-BF4B-00C04F79EFBC}") = "My_Application", "My_Application.csproj", "{A0BE227C-4BDC-430F-A7FC-2EA390854F0C}"
EndProject
Global
	GlobalSection(SolutionConfigurationPlatforms) = preSolution
		Debug|Any CPU = Debug|Any CPU
		Release|Any CPU = Release|Any CPU
	EndGlobalSection
	GlobalSection(ProjectConfigurationPlatforms) = postSolution
		{A0BE227C-4BDC-430F-A7FC-2EA390854F0C}.Debug|Any CPU.ActiveCfg = Debug|Any CPU
		{A0BE227C-4BDC-430F-A7FC-2EA390854F0C}.Debug|Any CPU.Build.0 = Debug|Any CPU
		{A0BE227C-4BDC-430F-A7FC-2EA390854F0C}.Release|Any CPU.ActiveCfg = Release|Any CPU
		{A0BE227C-4BDC-430F-A7FC-2EA390854F0C}.Release|Any CPU.Build.0 = Release|Any CPU
	EndGlobalSection
	GlobalSection(SolutionProperties) = preSolution
		HideSolutionNode = FALSE
	EndGlobalSection
	GlobalSection(ExtensibilityGlobals) = postSolution
		SolutionGuid = {A0873030-5114-477D-AA00-682B11F51184}
	EndGlobalSection
EndGlobal
